# Generated by pub
# See https://dart.dev/tools/pub/glossary#lockfile
packages:
  apealed_analysis:
    dependency: "direct dev"
    description:
      name: apealed_analysis
      sha256: "32db54e308d5eeb9da9092aa3b37552bdbb3b946fb9d2a962e6025184088ed1c"
      url: "https://pub.dev"
    source: hosted
    version: "0.0.1"
  mason_logger:
    dependency: "direct main"
    description:
      name: mason_logger
      sha256: ca34d14e998cd7a7738e7320b102aa45fb363aa49a290084b211ababf75bb7ee
      url: "https://pub.dev"
    source: hosted
    version: "0.2.5"
  recase:
    dependency: "direct main"
    description:
      name: recase
      sha256: e4eb4ec2dcdee52dcf99cb4ceabaffc631d7424ee55e56f280bc039737f89213
      url: "https://pub.dev"
    source: hosted
    version: "4.1.0"
sdks:
  dart: ">=2.19.0 <3.0.0"
